
Microsoft Visual Studio Solution File, Format Version 12.00
# Visual Studio Version 17
VisualStudioVersion = 17.10.34928.147
MinimumVisualStudioVersion = 10.0.40219.1
Project("{FAE04EC0-301F-11D3-BF4B-00C04F79EFBC}") = "src", "src\tubes3stima.csproj", "{C75AA5DC-9F57-4021-B1D0-127BB9F7A1BE}"
EndProject
Global
	GlobalSection(SolutionConfigurationPlatforms) = preSolution
		Debug|Any CPU = Debug|Any CPU
		Release|Any CPU = Release|Any CPU
	EndGlobalSection
	GlobalSection(ProjectConfigurationPlatforms) = postSolution
		{C75AA5DC-9F57-4021-B1D0-127BB9F7A1BE}.Debug|Any CPU.ActiveCfg = Debug|Any CPU
		{C75AA5DC-9F57-4021-B1D0-127BB9F7A1BE}.Debug|Any CPU.Build.0 = Debug|Any CPU
		{C75AA5DC-9F57-4021-B1D0-127BB9F7A1BE}.Release|Any CPU.ActiveCfg = Release|Any CPU
		{C75AA5DC-9F57-4021-B1D0-127BB9F7A1BE}.Release|Any CPU.Build.0 = Release|Any CPU
	EndGlobalSection
	GlobalSection(SolutionProperties) = preSolution
		HideSolutionNode = FALSE
	EndGlobalSection
	GlobalSection(ExtensibilityGlobals) = postSolution
		SolutionGuid = {F2C675A3-34E0-4378-9D78-BDDF5F1EF732}
	EndGlobalSection
EndGlobal
